
Microsoft Visual Studio Solution File, Format Version 12.00
# Visual Studio Version 16
VisualStudioVersion = 16.0.29709.97
MinimumVisualStudioVersion = 10.0.40219.1
Project("{FAE04EC0-301F-11D3-BF4B-00C04F79EFBC}") = "JuguetesJuguealo", "JuguetesJuguealo\JuguetesJuguealo.csproj", "{391A62DA-9F15-424B-9C8A-0295214FC18B}"
EndProject
Global
	GlobalSection(SolutionConfigurationPlatforms) = preSolution
		Debug|Any CPU = Debug|Any CPU
		Release|Any CPU = Release|Any CPU
	EndGlobalSection
	GlobalSection(ProjectConfigurationPlatforms) = postSolution
		{391A62DA-9F15-424B-9C8A-0295214FC18B}.Debug|Any CPU.ActiveCfg = Debug|Any CPU
		{391A62DA-9F15-424B-9C8A-0295214FC18B}.Debug|Any CPU.Build.0 = Debug|Any CPU
		{391A62DA-9F15-424B-9C8A-0295214FC18B}.Release|Any CPU.ActiveCfg = Release|Any CPU
		{391A62DA-9F15-424B-9C8A-0295214FC18B}.Release|Any CPU.Build.0 = Release|Any CPU
	EndGlobalSection
	GlobalSection(SolutionProperties) = preSolution
		HideSolutionNode = FALSE
	EndGlobalSection
	GlobalSection(ExtensibilityGlobals) = postSolution
		SolutionGuid = {BBA8AC6C-77F6-4665-B4C2-76256CEC7078}
	EndGlobalSection
EndGlobal
